{
  "lockfile_version": "1",
  "packages": {
    "bun@latest": {
      "last_modified": "2025-10-27T19:50:41Z",
      "resolved": "github:NixOS/nixpkgs/1666250dbe4141e4ca8aaf89b40a3a51c2e36144#bun",
      "source": "devbox-search",
      "version": "1.3.1",
      "systems": {
        "aarch64-darwin": {
          "outputs": [
            {
              "name": "out",
              "path": "/nix/store/q77q60pidwk04lgw5q930a32w9zp7r0p-bun-1.3.1",
              "default": true
            }
          ],
          "store_path": "/nix/store/q77q60pidwk04lgw5q930a32w9zp7r0p-bun-1.3.1"
        },
        "aarch64-linux": {
          "outputs": [
            {
              "name": "out",
              "path": "/nix/store/7ba6bigk4vpvxpmx0c3h6rg5zl9bs5np-bun-1.3.1",
              "default": true
            }
          ],
          "store_path": "/nix/store/7ba6bigk4vpvxpmx0c3h6rg5zl9bs5np-bun-1.3.1"
        },
        "x86_64-darwin": {
          "outputs": [
            {
              "name": "out",
              "path": "/nix/store/27338drvdd2cqz765wa4s51kz866v4ws-bun-1.3.1",
              "default": true
            }
          ],
          "store_path": "/nix/store/27338drvdd2cqz765wa4s51kz866v4ws-bun-1.3.1"
        },
        "x86_64-linux": {
          "outputs": [
            {
              "name": "out",
              "path": "/nix/store/jzjyn4d12klv4kp47c86z4dk1bksbg0q-bun-1.3.1",
              "default": true
            }
          ],
          "store_path": "/nix/store/jzjyn4d12klv4kp47c86z4dk1bksbg0q-bun-1.3.1"
        }
      }
    },
    "github:NixOS/nixpkgs/nixpkgs-unstable": {
      "last_modified": "2025-06-02T09:36:13Z",
      "resolved": "github:NixOS/nixpkgs/e4b09e47ace7d87de083786b404bf232eb6c89d8?lastModified=1748856973&narHash=sha256-RlTsJUvvr8ErjPBsiwrGbbHYW8XbB%2Foek0Gi78XdWKg%3D"
    },
    "go-task@latest": {
      "last_modified": "2025-10-22T20:59:19Z",
      "resolved": "github:NixOS/nixpkgs/01b6809f7f9d1183a2b3e081f0a1e6f8f415cb09#go-task",
      "source": "devbox-search",
      "version": "3.45.4",
      "systems": {
        "aarch64-darwin": {
          "outputs": [
            {
              "name": "out",
              "path": "/nix/store/mj7zghvnya1rl3gw3l8ll91qah5v9rxv-go-task-3.45.4",
              "default": true
            }
          ],
          "store_path": "/nix/store/mj7zghvnya1rl3gw3l8ll91qah5v9rxv-go-task-3.45.4"
        },
        "aarch64-linux": {
          "outputs": [
            {
              "name": "out",
              "path": "/nix/store/2rvk0icfridcj5035f0n05bbgs30y5pb-go-task-3.45.4",
              "default": true
            }
          ],
          "store_path": "/nix/store/2rvk0icfridcj5035f0n05bbgs30y5pb-go-task-3.45.4"
        },
        "x86_64-darwin": {
          "outputs": [
            {
              "name": "out",
              "path": "/nix/store/3n1f9c46z5vkvybghn9mp56iccxqghg6-go-task-3.45.4",
              "default": true
            }
          ],
          "store_path": "/nix/store/3n1f9c46z5vkvybghn9mp56iccxqghg6-go-task-3.45.4"
        },
        "x86_64-linux": {
          "outputs": [
            {
              "name": "out",
              "path": "/nix/store/sbhyd09c4nsdlg62mp4g4d6z0hga6f9z-go-task-3.45.4",
              "default": true
            }
          ],
          "store_path": "/nix/store/sbhyd09c4nsdlg62mp4g4d6z0hga6f9z-go-task-3.45.4"
        }
      }
    }
  }
}
